// !$*UTF8*$!
{
	archiveVersion = 1;
	classes = {
	};
	objectVersion = 56;
	objects = {

/* Begin PBXBuildFile section */
		F96805972979DA7500372C1A /* Part1App.swift in Sources */ = {isa = PBXBuildFile; fileRef = F96805962979DA7500372C1A /* Part1App.swift */; };
		F96805992979DA7500372C1A /* ContentView.swift in Sources */ = {isa = PBXBuildFile; fileRef = F96805982979DA7500372C1A /* ContentView.swift */; };
		F968059B2979DA7A00372C1A /* Assets.xcassets in Resources */ = {isa = PBXBuildFile; fileRef = F968059A2979DA7A00372C1A /* Assets.xcassets */; };
		F968059F2979DA7A00372C1A /* Preview Assets.xcassets in Resources */ = {isa = PBXBuildFile; fileRef = F968059E2979DA7A00372C1A /* Preview Assets.xcassets */; };
		F96805A92979DA7B00372C1A /* Part1Tests.swift in Sources */ = {isa = PBXBuildFile; fileRef = F96805A82979DA7B00372C1A /* Part1Tests.swift */; };
		F96805B32979DA7B00372C1A /* Part1UITests.swift in Sources */ = {isa = PBXBuildFile; fileRef = F96805B22979DA7B00372C1A /* Part1UITests.swift */; };
		F96805B52979DA7B00372C1A /* Part1UITestsLaunchTests.swift in Sources */ = {isa = PBXBuildFile; fileRef = F96805B42979DA7B00372C1A /* Part1UITestsLaunchTests.swift */; };
/* End PBXBuildFile section */

/* Begin PBXContainerItemProxy section */
		F96805A52979DA7B00372C1A /* PBXContainerItemProxy */ = {
			isa = PBXContainerItemProxy;
			containerPortal = F968058B2979DA7400372C1A /* Project object */;
			proxyType = 1;
			remoteGlobalIDString = F96805922979DA7500372C1A;
			remoteInfo = Part1;
		};
		F96805AF2979DA7B00372C1A /* PBXContainerItemProxy */ = {
			isa = PBXContainerItemProxy;
			containerPortal = F968058B2979DA7400372C1A /* Project object */;
			proxyType = 1;
			remoteGlobalIDString = F96805922979DA7500372C1A;
			remoteInfo = Part1;
		};
/* End PBXContainerItemProxy section */

/* Begin PBXFileReference section */
		F96805932979DA7500372C1A /* Part1.app */ = {isa = PBXFileReference; explicitFileType = wrapper.application; includeInIndex = 0; path = Part1.app; sourceTree = BUILT_PRODUCTS_DIR; };
		F96805962979DA7500372C1A /* Part1App.swift */ = {isa = PBXFileReference; lastKnownFileType = sourcecode.swift; path = Part1App.swift; sourceTree = "<group>"; };
		F96805982979DA7500372C1A /* ContentView.swift */ = {isa = PBXFileReference; lastKnownFileType = sourcecode.swift; path = ContentView.swift; sourceTree = "<group>"; };
		F968059A2979DA7A00372C1A /* Assets.xcassets */ = {isa = PBXFileReference; lastKnownFileType = folder.assetcatalog; path = Assets.xcassets; sourceTree = "<group>"; };
		F968059C2979DA7A00372C1A /* Part1.entitlements */ = {isa = PBXFileReference; lastKnownFileType = text.plist.entitlements; path = Part1.entitlements; sourceTree = "<group>"; };
		F968059E2979DA7A00372C1A /* Preview Assets.xcassets */ = {isa = PBXFileReference; lastKnownFileType = folder.assetcatalog; path = "Preview Assets.xcassets"; sourceTree = "<group>"; };
		F96805A42979DA7B00372C1A /* Part1Tests.xctest */ = {isa = PBXFileReference; explicitFileType = wrapper.cfbundle; includeInIndex = 0; path = Part1Tests.xctest; sourceTree = BUILT_PRODUCTS_DIR; };
		F96805A82979DA7B00372C1A /* Part1Tests.swift */ = {isa = PBXFileReference; lastKnownFileType = sourcecode.swift; path = Part1Tests.swift; sourceTree = "<group>"; };
		F96805AE2979DA7B00372C1A /* Part1UITests.xctest */ = {isa = PBXFileReference; explicitFileType = wrapper.cfbundle; includeInIndex = 0; path = Part1UITests.xctest; sourceTree = BUILT_PRODUCTS_DIR; };
		F96805B22979DA7B00372C1A /* Part1UITests.swift */ = {isa = PBXFileReference; lastKnownFileType = sourcecode.swift; path = Part1UITests.swift; sourceTree = "<group>"; };
		F96805B42979DA7B00372C1A /* Part1UITestsLaunchTests.swift */ = {isa = PBXFileReference; lastKnownFileType = sourcecode.swift; path = Part1UITestsLaunchTests.swift; sourceTree = "<group>"; };
/* End PBXFileReference section */

/* Begin PBXFrameworksBuildPhase section */
		F96805902979DA7500372C1A /* Frameworks */ = {
			isa = PBXFrameworksBuildPhase;
			buildActionMask = 2147483647;
			files = (
			);
			runOnlyForDeploymentPostprocessing = 0;
		};
		F96805A12979DA7B00372C1A /* Frameworks */ = {
			isa = PBXFrameworksBuildPhase;
			buildActionMask = 2147483647;
			files = (
			);
			runOnlyForDeploymentPostprocessing = 0;
		};
		F96805AB2979DA7B00372C1A /* Frameworks */ = {
			isa = PBXFrameworksBuildPhase;
			buildActionMask = 2147483647;
			files = (
			);
			runOnlyForDeploymentPostprocessing = 0;
		};
/* End PBXFrameworksBuildPhase section */

/* Begin PBXGroup section */
		F968058A2979DA7400372C1A = {
			isa = PBXGroup;
			children = (
				F96805952979DA7500372C1A /* Part1 */,
				F96805A72979DA7B00372C1A /* Part1Tests */,
				F96805B12979DA7B00372C1A /* Part1UITests */,
				F96805942979DA7500372C1A /* Products */,
			);
			sourceTree = "<group>";
		};
		F96805942979DA7500372C1A /* Products */ = {
			isa = PBXGroup;
			children = (
				F96805932979DA7500372C1A /* Part1.app */,
				F96805A42979DA7B00372C1A /* Part1Tests.xctest */,
				F96805AE2979DA7B00372C1A /* Part1UITests.xctest */,
			);
			name = Products;
			sourceTree = "<group>";
		};
		F96805952979DA7500372C1A /* Part1 */ = {
			isa = PBXGroup;
			children = (
				F96805962979DA7500372C1A /* Part1App.swift */,
				F96805982979DA7500372C1A /* ContentView.swift */,
				F968059A2979DA7A00372C1A /* Assets.xcassets */,
				F968059C2979DA7A00372C1A /* Part1.entitlements */,
				F968059D2979DA7A00372C1A /* Preview Content */,
			);
			path = Part1;
			sourceTree = "<group>";
		};
		F968059D2979DA7A00372C1A /* Preview Content */ = {
			isa = PBXGroup;
			children = (
				F968059E2979DA7A00372C1A /* Preview Assets.xcassets */,
			);
			path = "Preview Content";
			sourceTree = "<group>";
		};
		F96805A72979DA7B00372C1A /* Part1Tests */ = {
			isa = PBXGroup;
			children = (
				F96805A82979DA7B00372C1A /* Part1Tests.swift */,
			);
			path = Part1Tests;
			sourceTree = "<group>";
		};
		F96805B12979DA7B00372C1A /* Part1UITests */ = {
			isa = PBXGroup;
			children = (
				F96805B22979DA7B00372C1A /* Part1UITests.swift */,
				F96805B42979DA7B00372C1A /* Part1UITestsLaunchTests.swift */,
			);
			path = Part1UITests;
			sourceTree = "<group>";
		};
/* End PBXGroup section */

/* Begin PBXNativeTarget section */
		F96805922979DA7500372C1A /* Part1 */ = {
			isa = PBXNativeTarget;
			buildConfigurationList = F96805B82979DA7B00372C1A /* Build configuration list for PBXNativeTarget "Part1" */;
			buildPhases = (
				F968058F2979DA7500372C1A /* Sources */,
				F96805902979DA7500372C1A /* Frameworks */,
				F96805912979DA7500372C1A /* Resources */,
			);
			buildRules = (
			);
			dependencies = (
			);
			name = Part1;
			productName = Part1;
			productReference = F96805932979DA7500372C1A /* Part1.app */;
			productType = "com.apple.product-type.application";
		};
		F96805A32979DA7B00372C1A /* Part1Tests */ = {
			isa = PBXNativeTarget;
			buildConfigurationList = F96805BB2979DA7B00372C1A /* Build configuration list for PBXNativeTarget "Part1Tests" */;
			buildPhases = (
				F96805A02979DA7B00372C1A /* Sources */,
				F96805A12979DA7B00372C1A /* Frameworks */,
				F96805A22979DA7B00372C1A /* Resources */,
			);
			buildRules = (
			);
			dependencies = (
				F96805A62979DA7B00372C1A /* PBXTargetDependency */,
			);
			name = Part1Tests;
			productName = Part1Tests;
			productReference = F96805A42979DA7B00372C1A /* Part1Tests.xctest */;
			productType = "com.apple.product-type.bundle.unit-test";
		};
		F96805AD2979DA7B00372C1A /* Part1UITests */ = {
			isa = PBXNativeTarget;
			buildConfigurationList = F96805BE2979DA7B00372C1A /* Build configuration list for PBXNativeTarget "Part1UITests" */;
			buildPhases = (
				F96805AA2979DA7B00372C1A /* Sources */,
				F96805AB2979DA7B00372C1A /* Frameworks */,
				F96805AC2979DA7B00372C1A /* Resources */,
			);
			buildRules = (
			);
			dependencies = (
				F96805B02979DA7B00372C1A /* PBXTargetDependency */,
			);
			name = Part1UITests;
			productName = Part1UITests;
			productReference = F96805AE2979DA7B00372C1A /* Part1UITests.xctest */;
			productType = "com.apple.product-type.bundle.ui-testing";
		};
/* End PBXNativeTarget section */

/* Begin PBXProject section */
		F968058B2979DA7400372C1A /* Project object */ = {
			isa = PBXProject;
			attributes = {
				BuildIndependentTargetsInParallel = 1;
				LastSwiftUpdateCheck = 1420;
				LastUpgradeCheck = 1420;
				TargetAttributes = {
					F96805922979DA7500372C1A = {
						CreatedOnToolsVersion = 14.2;
					};
					F96805A32979DA7B00372C1A = {
						CreatedOnToolsVersion = 14.2;
						TestTargetID = F96805922979DA7500372C1A;
					};
					F96805AD2979DA7B00372C1A = {
						CreatedOnToolsVersion = 14.2;
						TestTargetID = F96805922979DA7500372C1A;
					};
				};
			};
			buildConfigurationList = F968058E2979DA7500372C1A /* Build configuration list for PBXProject "Part1" */;
			compatibilityVersion = "Xcode 14.0";
			developmentRegion = en;
			hasScannedForEncodings = 0;
			knownRegions = (
				en,
				Base,
			);
			mainGroup = F968058A2979DA7400372C1A;
			productRefGroup = F96805942979DA7500372C1A /* Products */;
			projectDirPath = "";
			projectRoot = "";
			targets = (
				F96805922979DA7500372C1A /* Part1 */,
				F96805A32979DA7B00372C1A /* Part1Tests */,
				F96805AD2979DA7B00372C1A /* Part1UITests */,
			);
		};
/* End PBXProject section */

/* Begin PBXResourcesBuildPhase section */
		F96805912979DA7500372C1A /* Resources */ = {
			isa = PBXResourcesBuildPhase;
			buildActionMask = 2147483647;
			files = (
				F968059F2979DA7A00372C1A /* Preview Assets.xcassets in Resources */,
				F968059B2979DA7A00372C1A /* Assets.xcassets in Resources */,
			);
			runOnlyForDeploymentPostprocessing = 0;
		};
		F96805A22979DA7B00372C1A /* Resources */ = {
			isa = PBXResourcesBuildPhase;
			buildActionMask = 2147483647;
			files = (
			);
			runOnlyForDeploymentPostprocessing = 0;
		};
		F96805AC2979DA7B00372C1A /* Resources */ = {
			isa = PBXResourcesBuildPhase;
			buildActionMask = 2147483647;
			files = (
			);
			runOnlyForDeploymentPostprocessing = 0;
		};
/* End PBXResourcesBuildPhase section */

/* Begin PBXSourcesBuildPhase section */
		F968058F2979DA7500372C1A /* Sources */ = {
			isa = PBXSourcesBuildPhase;
			buildActionMask = 2147483647;
			files = (
				F96805992979DA7500372C1A /* ContentView.swift in Sources */,
				F96805972979DA7500372C1A /* Part1App.swift in Sources */,
			);
			runOnlyForDeploymentPostprocessing = 0;
		};
		F96805A02979DA7B00372C1A /* Sources */ = {
			isa = PBXSourcesBuildPhase;
			buildActionMask = 2147483647;
			files = (
				F96805A92979DA7B00372C1A /* Part1Tests.swift in Sources */,
			);
			runOnlyForDeploymentPostprocessing = 0;
		};
		F96805AA2979DA7B00372C1A /* Sources */ = {
			isa = PBXSourcesBuildPhase;
			buildActionMask = 2147483647;
			files = (
				F96805B32979DA7B00372C1A /* Part1UITests.swift in Sources */,
				F96805B52979DA7B00372C1A /* Part1UITestsLaunchTests.swift in Sources */,
			);
			runOnlyForDeploymentPostprocessing = 0;
		};
/* End PBXSourcesBuildPhase section */

/* Begin PBXTargetDependency section */
		F96805A62979DA7B00372C1A /* PBXTargetDependency */ = {
			isa = PBXTargetDependency;
			target = F96805922979DA7500372C1A /* Part1 */;
			targetProxy = F96805A52979DA7B00372C1A /* PBXContainerItemProxy */;
		};
		F96805B02979DA7B00372C1A /* PBXTargetDependency */ = {
			isa = PBXTargetDependency;
			target = F96805922979DA7500372C1A /* Part1 */;
			targetProxy = F96805AF2979DA7B00372C1A /* PBXContainerItemProxy */;
		};
/* End PBXTargetDependency section */

/* Begin XCBuildConfiguration section */
		F96805B62979DA7B00372C1A /* Debug */ = {
			isa = XCBuildConfiguration;
			buildSettings = {
				ALWAYS_SEARCH_USER_PATHS = NO;
				CLANG_ANALYZER_NONNULL = YES;
				CLANG_ANALYZER_NUMBER_OBJECT_CONVERSION = YES_AGGRESSIVE;
				CLANG_CXX_LANGUAGE_STANDARD = "gnu++20";
				CLANG_ENABLE_MODULES = YES;
				CLANG_ENABLE_OBJC_ARC = YES;
				CLANG_ENABLE_OBJC_WEAK = YES;
				CLANG_WARN_BLOCK_CAPTURE_AUTORELEASING = YES;
				CLANG_WARN_BOOL_CONVERSION = YES;
				CLANG_WARN_COMMA = YES;
				CLANG_WARN_CONSTANT_CONVERSION = YES;
				CLANG_WARN_DEPRECATED_OBJC_IMPLEMENTATIONS = YES;
				CLANG_WARN_DIRECT_OBJC_ISA_USAGE = YES_ERROR;
				CLANG_WARN_DOCUMENTATION_COMMENTS = YES;
				CLANG_WARN_EMPTY_BODY = YES;
				CLANG_WARN_ENUM_CONVERSION = YES;
				CLANG_WARN_INFINITE_RECURSION = YES;
				CLANG_WARN_INT_CONVERSION = YES;
				CLANG_WARN_NON_LITERAL_NULL_CONVERSION = YES;
				CLANG_WARN_OBJC_IMPLICIT_RETAIN_SELF = YES;
				CLANG_WARN_OBJC_LITERAL_CONVERSION = YES;
				CLANG_WARN_OBJC_ROOT_CLASS = YES_ERROR;
				CLANG_WARN_QUOTED_INCLUDE_IN_FRAMEWORK_HEADER = YES;
				CLANG_WARN_RANGE_LOOP_ANALYSIS = YES;
				CLANG_WARN_STRICT_PROTOTYPES = YES;
				CLANG_WARN_SUSPICIOUS_MOVE = YES;
				CLANG_WARN_UNGUARDED_AVAILABILITY = YES_AGGRESSIVE;
				CLANG_WARN_UNREACHABLE_CODE = YES;
				CLANG_WARN__DUPLICATE_METHOD_MATCH = YES;
				COPY_PHASE_STRIP = NO;
				DEBUG_INFORMATION_FORMAT = dwarf;
				ENABLE_STRICT_OBJC_MSGSEND = YES;
				ENABLE_TESTABILITY = YES;
				GCC_C_LANGUAGE_STANDARD = gnu11;
				GCC_DYNAMIC_NO_PIC = NO;
				GCC_NO_COMMON_BLOCKS = YES;
				GCC_OPTIMIZATION_LEVEL = 0;
				GCC_PREPROCESSOR_DEFINITIONS = (
					"DEBUG=1",
					"$(inherited)",
				);
				GCC_WARN_64_TO_32_BIT_CONVERSION = YES;
				GCC_WARN_ABOUT_RETURN_TYPE = YES_ERROR;
				GCC_WARN_UNDECLARED_SELECTOR = YES;
				GCC_WARN_UNINITIALIZED_AUTOS = YES_AGGRESSIVE;
				GCC_WARN_UNUSED_FUNCTION = YES;
				GCC_WARN_UNUSED_VARIABLE = YES;
				MTL_ENABLE_DEBUG_INFO = INCLUDE_SOURCE;
				MTL_FAST_MATH = YES;
				ONLY_ACTIVE_ARCH = YES;
				SWIFT_ACTIVE_COMPILATION_CONDITIONS = DEBUG;
				SWIFT_OPTIMIZATION_LEVEL = "-Onone";
			};
			name = Debug;
		};
		F96805B72979DA7B00372C1A /* Release */ = {
			isa = XCBuildConfiguration;
			buildSettings = {
				ALWAYS_SEARCH_USER_PATHS = NO;
				CLANG_ANALYZER_NONNULL = YES;
				CLANG_ANALYZER_NUMBER_OBJECT_CONVERSION = YES_AGGRESSIVE;
				CLANG_CXX_LANGUAGE_STANDARD = "gnu++20";
				CLANG_ENABLE_MODULES = YES;
				CLANG_ENABLE_OBJC_ARC = YES;
				CLANG_ENABLE_OBJC_WEAK = YES;
				CLANG_WARN_BLOCK_CAPTURE_AUTORELEASING = YES;
				CLANG_WARN_BOOL_CONVERSION = YES;
				CLANG_WARN_COMMA = YES;
				CLANG_WARN_CONSTANT_CONVERSION = YES;
				CLANG_WARN_DEPRECATED_OBJC_IMPLEMENTATIONS = YES;
				CLANG_WARN_DIRECT_OBJC_ISA_USAGE = YES_ERROR;
				CLANG_WARN_DOCUMENTATION_COMMENTS = YES;
				CLANG_WARN_EMPTY_BODY = YES;
				CLANG_WARN_ENUM_CONVERSION = YES;
				CLANG_WARN_INFINITE_RECURSION = YES;
				CLANG_WARN_INT_CONVERSION = YES;
				CLANG_WARN_NON_LITERAL_NULL_CONVERSION = YES;
				CLANG_WARN_OBJC_IMPLICIT_RETAIN_SELF = YES;
				CLANG_WARN_OBJC_LITERAL_CONVERSION = YES;
				CLANG_WARN_OBJC_ROOT_CLASS = YES_ERROR;
				CLANG_WARN_QUOTED_INCLUDE_IN_FRAMEWORK_HEADER = YES;
				CLANG_WARN_RANGE_LOOP_ANALYSIS = YES;
				CLANG_WARN_STRICT_PROTOTYPES = YES;
				CLANG_WARN_SUSPICIOUS_MOVE = YES;
				CLANG_WARN_UNGUARDED_AVAILABILITY = YES_AGGRESSIVE;
				CLANG_WARN_UNREACHABLE_CODE = YES;
				CLANG_WARN__DUPLICATE_METHOD_MATCH = YES;
				COPY_PHASE_STRIP = NO;
				DEBUG_INFORMATION_FORMAT = "dwarf-with-dsym";
				ENABLE_NS_ASSERTIONS = NO;
				ENABLE_STRICT_OBJC_MSGSEND = YES;
				GCC_C_LANGUAGE_STANDARD = gnu11;
				GCC_NO_COMMON_BLOCKS = YES;
				GCC_WARN_64_TO_32_BIT_CONVERSION = YES;
				GCC_WARN_ABOUT_RETURN_TYPE = YES_ERROR;
				GCC_WARN_UNDECLARED_SELECTOR = YES;
				GCC_WARN_UNINITIALIZED_AUTOS = YES_AGGRESSIVE;
				GCC_WARN_UNUSED_FUNCTION = YES;
				GCC_WARN_UNUSED_VARIABLE = YES;
				MTL_ENABLE_DEBUG_INFO = NO;
				MTL_FAST_MATH = YES;
				SWIFT_COMPILATION_MODE = wholemodule;
				SWIFT_OPTIMIZATION_LEVEL = "-O";
			};
			name = Release;
		};
		F96805B92979DA7B00372C1A /* Debug */ = {
			isa = XCBuildConfiguration;
			buildSettings = {
				ASSETCATALOG_COMPILER_APPICON_NAME = AppIcon;
				ASSETCATALOG_COMPILER_GLOBAL_ACCENT_COLOR_NAME = AccentColor;
				CODE_SIGN_ENTITLEMENTS = Part1/Part1.entitlements;
				CODE_SIGN_STYLE = Automatic;
				CURRENT_PROJECT_VERSION = 1;
				DEVELOPMENT_ASSET_PATHS = "\"Part1/Preview Content\"";
				ENABLE_PREVIEWS = YES;
				GENERATE_INFOPLIST_FILE = YES;
				"INFOPLIST_KEY_UIApplicationSceneManifest_Generation[sdk=iphoneos*]" = YES;
				"INFOPLIST_KEY_UIApplicationSceneManifest_Generation[sdk=iphonesimulator*]" = YES;
				"INFOPLIST_KEY_UIApplicationSupportsIndirectInputEvents[sdk=iphoneos*]" = YES;
				"INFOPLIST_KEY_UIApplicationSupportsIndirectInputEvents[sdk=iphonesimulator*]" = YES;
				"INFOPLIST_KEY_UILaunchScreen_Generation[sdk=iphoneos*]" = YES;
				"INFOPLIST_KEY_UILaunchScreen_Generation[sdk=iphonesimulator*]" = YES;
				"INFOPLIST_KEY_UIStatusBarStyle[sdk=iphoneos*]" = UIStatusBarStyleDefault;
				"INFOPLIST_KEY_UIStatusBarStyle[sdk=iphonesimulator*]" = UIStatusBarStyleDefault;
				INFOPLIST_KEY_UISupportedInterfaceOrientations_iPad = "UIInterfaceOrientationPortrait UIInterfaceOrientationPortraitUpsideDown UIInterfaceOrientationLandscapeLeft UIInterfaceOrientationLandscapeRight";
				INFOPLIST_KEY_UISupportedInterfaceOrientations_iPhone = "UIInterfaceOrientationPortrait UIInterfaceOrientationLandscapeLeft UIInterfaceOrientationLandscapeRight";
				IPHONEOS_DEPLOYMENT_TARGET = 16.2;
				LD_RUNPATH_SEARCH_PATHS = "@executable_path/Frameworks";
				"LD_RUNPATH_SEARCH_PATHS[sdk=macosx*]" = "@executable_path/../Frameworks";
				MACOSX_DEPLOYMENT_TARGET = 13.1;
				MARKETING_VERSION = 1.0;
				PRODUCT_BUNDLE_IDENTIFIER = HearYinz.Part1;
				PRODUCT_NAME = "$(TARGET_NAME)";
				SDKROOT = auto;
				SUPPORTED_PLATFORMS = "iphoneos iphonesimulator macosx";
				SWIFT_EMIT_LOC_STRINGS = YES;
				SWIFT_VERSION = 5.0;
				TARGETED_DEVICE_FAMILY = "1,2";
			};
			name = Debug;
		};
		F96805BA2979DA7B00372C1A /* Release */ = {
			isa = XCBuildConfiguration;
			buildSettings = {
				ASSETCATALOG_COMPILER_APPICON_NAME = AppIcon;
				ASSETCATALOG_COMPILER_GLOBAL_ACCENT_COLOR_NAME = AccentColor;
				CODE_SIGN_ENTITLEMENTS = Part1/Part1.entitlements;
				CODE_SIGN_STYLE = Automatic;
				CURRENT_PROJECT_VERSION = 1;
				DEVELOPMENT_ASSET_PATHS = "\"Part1/Preview Content\"";
				ENABLE_PREVIEWS = YES;
				GENERATE_INFOPLIST_FILE = YES;
				"INFOPLIST_KEY_UIApplicationSceneManifest_Generation[sdk=iphoneos*]" = YES;
				"INFOPLIST_KEY_UIApplicationSceneManifest_Generation[sdk=iphonesimulator*]" = YES;
				"INFOPLIST_KEY_UIApplicationSupportsIndirectInputEvents[sdk=iphoneos*]" = YES;
				"INFOPLIST_KEY_UIApplicationSupportsIndirectInputEvents[sdk=iphonesimulator*]" = YES;
				"INFOPLIST_KEY_UILaunchScreen_Generation[sdk=iphoneos*]" = YES;
				"INFOPLIST_KEY_UILaunchScreen_Generation[sdk=iphonesimulator*]" = YES;
				"INFOPLIST_KEY_UIStatusBarStyle[sdk=iphoneos*]" = UIStatusBarStyleDefault;
				"INFOPLIST_KEY_UIStatusBarStyle[sdk=iphonesimulator*]" = UIStatusBarStyleDefault;
				INFOPLIST_KEY_UISupportedInterfaceOrientations_iPad = "UIInterfaceOrientationPortrait UIInterfaceOrientationPortraitUpsideDown UIInterfaceOrientationLandscapeLeft UIInterfaceOrientationLandscapeRight";
				INFOPLIST_KEY_UISupportedInterfaceOrientations_iPhone = "UIInterfaceOrientationPortrait UIInterfaceOrientationLandscapeLeft UIInterfaceOrientationLandscapeRight";
				IPHONEOS_DEPLOYMENT_TARGET = 16.2;
				LD_RUNPATH_SEARCH_PATHS = "@executable_path/Frameworks";
				"LD_RUNPATH_SEARCH_PATHS[sdk=macosx*]" = "@executable_path/../Frameworks";
				MACOSX_DEPLOYMENT_TARGET = 13.1;
				MARKETING_VERSION = 1.0;
				PRODUCT_BUNDLE_IDENTIFIER = HearYinz.Part1;
				PRODUCT_NAME = "$(TARGET_NAME)";
				SDKROOT = auto;
				SUPPORTED_PLATFORMS = "iphoneos iphonesimulator macosx";
				SWIFT_EMIT_LOC_STRINGS = YES;
				SWIFT_VERSION = 5.0;
				TARGETED_DEVICE_FAMILY = "1,2";
			};
			name = Release;
		};
		F96805BC2979DA7B00372C1A /* Debug */ = {
			isa = XCBuildConfiguration;
			buildSettings = {
				ALWAYS_EMBED_SWIFT_STANDARD_LIBRARIES = YES;
				BUNDLE_LOADER = "$(TEST_HOST)";
				CODE_SIGN_STYLE = Automatic;
				CURRENT_PROJECT_VERSION = 1;
				GENERATE_INFOPLIST_FILE = YES;
				IPHONEOS_DEPLOYMENT_TARGET = 16.2;
				MACOSX_DEPLOYMENT_TARGET = 13.1;
				MARKETING_VERSION = 1.0;
				PRODUCT_BUNDLE_IDENTIFIER = HearYinz.Part1Tests;
				PRODUCT_NAME = "$(TARGET_NAME)";
				SDKROOT = auto;
				SUPPORTED_PLATFORMS = "iphoneos iphonesimulator macosx";
				SWIFT_EMIT_LOC_STRINGS = NO;
				SWIFT_VERSION = 5.0;
				TARGETED_DEVICE_FAMILY = "1,2";
				TEST_HOST = "$(BUILT_PRODUCTS_DIR)/Part1.app/$(BUNDLE_EXECUTABLE_FOLDER_PATH)/Part1";
			};
			name = Debug;
		};
		F96805BD2979DA7B00372C1A /* Release */ = {
			isa = XCBuildConfiguration;
			buildSettings = {
				ALWAYS_EMBED_SWIFT_STANDARD_LIBRARIES = YES;
				BUNDLE_LOADER = "$(TEST_HOST)";
				CODE_SIGN_STYLE = Automatic;
				CURRENT_PROJECT_VERSION = 1;
				GENERATE_INFOPLIST_FILE = YES;
				IPHONEOS_DEPLOYMENT_TARGET = 16.2;
				MACOSX_DEPLOYMENT_TARGET = 13.1;
				MARKETING_VERSION = 1.0;
				PRODUCT_BUNDLE_IDENTIFIER = HearYinz.Part1Tests;
				PRODUCT_NAME = "$(TARGET_NAME)";
				SDKROOT = auto;
				SUPPORTED_PLATFORMS = "iphoneos iphonesimulator macosx";
				SWIFT_EMIT_LOC_STRINGS = NO;
				SWIFT_VERSION = 5.0;
				TARGETED_DEVICE_FAMILY = "1,2";
				TEST_HOST = "$(BUILT_PRODUCTS_DIR)/Part1.app/$(BUNDLE_EXECUTABLE_FOLDER_PATH)/Part1";
			};
			name = Release;
		};
		F96805BF2979DA7B00372C1A /* Debug */ = {
			isa = XCBuildConfiguration;
			buildSettings = {
				ALWAYS_EMBED_SWIFT_STANDARD_LIBRARIES = YES;
				CODE_SIGN_STYLE = Automatic;
				CURRENT_PROJECT_VERSION = 1;
				GENERATE_INFOPLIST_FILE = YES;
				IPHONEOS_DEPLOYMENT_TARGET = 16.2;
				MACOSX_DEPLOYMENT_TARGET = 13.1;
				MARKETING_VERSION = 1.0;
				PRODUCT_BUNDLE_IDENTIFIER = HearYinz.Part1UITests;
				PRODUCT_NAME = "$(TARGET_NAME)";
				SDKROOT = auto;
				SUPPORTED_PLATFORMS = "iphoneos iphonesimulator macosx";
				SWIFT_EMIT_LOC_STRINGS = NO;
				SWIFT_VERSION = 5.0;
				TARGETED_DEVICE_FAMILY = "1,2";
				TEST_TARGET_NAME = Part1;
			};
			name = Debug;
		};
		F96805C02979DA7B00372C1A /* Release */ = {
			isa = XCBuildConfiguration;
			buildSettings = {
				ALWAYS_EMBED_SWIFT_STANDARD_LIBRARIES = YES;
				CODE_SIGN_STYLE = Automatic;
				CURRENT_PROJECT_VERSION = 1;
				GENERATE_INFOPLIST_FILE = YES;
				IPHONEOS_DEPLOYMENT_TARGET = 16.2;
				MACOSX_DEPLOYMENT_TARGET = 13.1;
				MARKETING_VERSION = 1.0;
				PRODUCT_BUNDLE_IDENTIFIER = HearYinz.Part1UITests;
				PRODUCT_NAME = "$(TARGET_NAME)";
				SDKROOT = auto;
				SUPPORTED_PLATFORMS = "iphoneos iphonesimulator macosx";
				SWIFT_EMIT_LOC_STRINGS = NO;
				SWIFT_VERSION = 5.0;
				TARGETED_DEVICE_FAMILY = "1,2";
				TEST_TARGET_NAME = Part1;
			};
			name = Release;
		};
/* End XCBuildConfiguration section */

/* Begin XCConfigurationList section */
		F968058E2979DA7500372C1A /* Build configuration list for PBXProject "Part1" */ = {
			isa = XCConfigurationList;
			buildConfigurations = (
				F96805B62979DA7B00372C1A /* Debug */,
				F96805B72979DA7B00372C1A /* Release */,
			);
			defaultConfigurationIsVisible = 0;
			defaultConfigurationName = Release;
		};
		F96805B82979DA7B00372C1A /* Build configuration list for PBXNativeTarget "Part1" */ = {
			isa = XCConfigurationList;
			buildConfigurations = (
				F96805B92979DA7B00372C1A /* Debug */,
				F96805BA2979DA7B00372C1A /* Release */,
			);
			defaultConfigurationIsVisible = 0;
			defaultConfigurationName = Release;
		};
		F96805BB2979DA7B00372C1A /* Build configuration list for PBXNativeTarget "Part1Tests" */ = {
			isa = XCConfigurationList;
			buildConfigurations = (
				F96805BC2979DA7B00372C1A /* Debug */,
				F96805BD2979DA7B00372C1A /* Release */,
			);
			defaultConfigurationIsVisible = 0;
			defaultConfigurationName = Release;
		};
		F96805BE2979DA7B00372C1A /* Build configuration list for PBXNativeTarget "Part1UITests" */ = {
			isa = XCConfigurationList;
			buildConfigurations = (
				F96805BF2979DA7B00372C1A /* Debug */,
				F96805C02979DA7B00372C1A /* Release */,
			);
			defaultConfigurationIsVisible = 0;
			defaultConfigurationName = Release;
		};
/* End XCConfigurationList section */
	};
	rootObject = F968058B2979DA7400372C1A /* Project object */;
}
